
Microsoft Visual Studio Solution File, Format Version 12.00
# Visual Studio Version 16
VisualStudioVersion = 16.0.30503.244
MinimumVisualStudioVersion = 10.0.40219.1
Project("{FAE04EC0-301F-11D3-BF4B-00C04F79EFBC}") = "DesignCSharp", "DesignCSharp\DesignCSharp.csproj", "{9C0D74E5-B43A-4709-A4F5-61F2FC963A0C}"
EndProject
Project("{FAE04EC0-301F-11D3-BF4B-00C04F79EFBC}") = "DesignCSharp2", "DesignCSharp2\DesignCSharp2.csproj", "{CD0BDDD3-057B-4FCB-A7D6-C535BE8A6A11}"
EndProject
Global
	GlobalSection(SolutionConfigurationPlatforms) = preSolution
		Debug|Any CPU = Debug|Any CPU
		Release|Any CPU = Release|Any CPU
	EndGlobalSection
	GlobalSection(ProjectConfigurationPlatforms) = postSolution
		{9C0D74E5-B43A-4709-A4F5-61F2FC963A0C}.Debug|Any CPU.ActiveCfg = Debug|Any CPU
		{9C0D74E5-B43A-4709-A4F5-61F2FC963A0C}.Debug|Any CPU.Build.0 = Debug|Any CPU
		{9C0D74E5-B43A-4709-A4F5-61F2FC963A0C}.Release|Any CPU.ActiveCfg = Release|Any CPU
		{9C0D74E5-B43A-4709-A4F5-61F2FC963A0C}.Release|Any CPU.Build.0 = Release|Any CPU
		{CD0BDDD3-057B-4FCB-A7D6-C535BE8A6A11}.Debug|Any CPU.ActiveCfg = Debug|Any CPU
		{CD0BDDD3-057B-4FCB-A7D6-C535BE8A6A11}.Debug|Any CPU.Build.0 = Debug|Any CPU
		{CD0BDDD3-057B-4FCB-A7D6-C535BE8A6A11}.Release|Any CPU.ActiveCfg = Release|Any CPU
		{CD0BDDD3-057B-4FCB-A7D6-C535BE8A6A11}.Release|Any CPU.Build.0 = Release|Any CPU
	EndGlobalSection
	GlobalSection(SolutionProperties) = preSolution
		HideSolutionNode = FALSE
	EndGlobalSection
	GlobalSection(ExtensibilityGlobals) = postSolution
		SolutionGuid = {CB065C49-89E1-41A6-8BC1-BE16578A1540}
	EndGlobalSection
EndGlobal
